// !$*UTF8*$!
{
	archiveVersion = 1;
	classes = {
	};
	objectVersion = 56;
	objects = {

/* Begin PBXBuildFile section */
		1311042B2B25F78300F32705 /* Contacts.swift in Sources */ = {isa = PBXBuildFile; fileRef = 1311042A2B25F78300F32705 /* Contacts.swift */; };
		131C0F1A2B26155E0002A1DD /* ChatViewController.swift in Sources */ = {isa = PBXBuildFile; fileRef = 131C0F192B26155E0002A1DD /* ChatViewController.swift */; };
		135D283C2B25D31F003D214F /* ContactsCustomCell.swift in Sources */ = {isa = PBXBuildFile; fileRef = 135D283B2B25D31F003D214F /* ContactsCustomCell.swift */; };
		1379616D2B25CA6C00E92571 /* AppDelegate.swift in Sources */ = {isa = PBXBuildFile; fileRef = 1379616C2B25CA6C00E92571 /* AppDelegate.swift */; };
		1379616F2B25CA6C00E92571 /* SceneDelegate.swift in Sources */ = {isa = PBXBuildFile; fileRef = 1379616E2B25CA6C00E92571 /* SceneDelegate.swift */; };
		137961772B25CA6C00E92571 /* Rozmova.xcdatamodeld in Sources */ = {isa = PBXBuildFile; fileRef = 137961752B25CA6C00E92571 /* Rozmova.xcdatamodeld */; };
		137961792B25CA6D00E92571 /* Assets.xcassets in Resources */ = {isa = PBXBuildFile; fileRef = 137961782B25CA6D00E92571 /* Assets.xcassets */; };
		137961872B25CA6D00E92571 /* RozmovaTests.swift in Sources */ = {isa = PBXBuildFile; fileRef = 137961862B25CA6D00E92571 /* RozmovaTests.swift */; };
		137961912B25CA6D00E92571 /* RozmovaUITests.swift in Sources */ = {isa = PBXBuildFile; fileRef = 137961902B25CA6D00E92571 /* RozmovaUITests.swift */; };
		137961932B25CA6D00E92571 /* RozmovaUITestsLaunchTests.swift in Sources */ = {isa = PBXBuildFile; fileRef = 137961922B25CA6D00E92571 /* RozmovaUITestsLaunchTests.swift */; };
		137961A52B25CBA500E92571 /* MainTabBarController.swift in Sources */ = {isa = PBXBuildFile; fileRef = 137961A42B25CBA500E92571 /* MainTabBarController.swift */; };
		137961A72B25CE8700E92571 /* ContactsViewController.swift in Sources */ = {isa = PBXBuildFile; fileRef = 137961A62B25CE8700E92571 /* ContactsViewController.swift */; };
		137961A92B25CE9700E92571 /* MessagesViewController.swift in Sources */ = {isa = PBXBuildFile; fileRef = 137961A82B25CE9700E92571 /* MessagesViewController.swift */; };
		13C7F6EA2B26172000D82F94 /* Messages.swift in Sources */ = {isa = PBXBuildFile; fileRef = 13C7F6E92B26172000D82F94 /* Messages.swift */; };
		4C540221AA159F4ED70B3B79 /* Pods_RozmovaTests.framework in Frameworks */ = {isa = PBXBuildFile; fileRef = D14BC3F8E9B3520742FC9F4D /* Pods_RozmovaTests.framework */; };
		998F25795304AA30784981D4 /* Pods_Rozmova.framework in Frameworks */ = {isa = PBXBuildFile; fileRef = D00F1827DFA79E01C080F22E /* Pods_Rozmova.framework */; };
		A0863D50ED73964847B36E0A /* Pods_Rozmova_RozmovaUITests.framework in Frameworks */ = {isa = PBXBuildFile; fileRef = 94932A35BCA8C05A218D79BB /* Pods_Rozmova_RozmovaUITests.framework */; };
/* End PBXBuildFile section */

/* Begin PBXContainerItemProxy section */
		137961832B25CA6D00E92571 /* PBXContainerItemProxy */ = {
			isa = PBXContainerItemProxy;
			containerPortal = 137961612B25CA6C00E92571 /* Project object */;
			proxyType = 1;
			remoteGlobalIDString = 137961682B25CA6C00E92571;
			remoteInfo = Rozmova;
		};
		1379618D2B25CA6D00E92571 /* PBXContainerItemProxy */ = {
			isa = PBXContainerItemProxy;
			containerPortal = 137961612B25CA6C00E92571 /* Project object */;
			proxyType = 1;
			remoteGlobalIDString = 137961682B25CA6C00E92571;
			remoteInfo = Rozmova;
		};
/* End PBXContainerItemProxy section */

/* Begin PBXFileReference section */
		1311042A2B25F78300F32705 /* Contacts.swift */ = {isa = PBXFileReference; lastKnownFileType = sourcecode.swift; path = Contacts.swift; sourceTree = "<group>"; };
		131C0F192B26155E0002A1DD /* ChatViewController.swift */ = {isa = PBXFileReference; lastKnownFileType = sourcecode.swift; path = ChatViewController.swift; sourceTree = "<group>"; };
		135D283B2B25D31F003D214F /* ContactsCustomCell.swift */ = {isa = PBXFileReference; lastKnownFileType = sourcecode.swift; path = ContactsCustomCell.swift; sourceTree = "<group>"; };
		137961692B25CA6C00E92571 /* Rozmova.app */ = {isa = PBXFileReference; explicitFileType = wrapper.application; includeInIndex = 0; path = Rozmova.app; sourceTree = BUILT_PRODUCTS_DIR; };
		1379616C2B25CA6C00E92571 /* AppDelegate.swift */ = {isa = PBXFileReference; lastKnownFileType = sourcecode.swift; path = AppDelegate.swift; sourceTree = "<group>"; };
		1379616E2B25CA6C00E92571 /* SceneDelegate.swift */ = {isa = PBXFileReference; lastKnownFileType = sourcecode.swift; path = SceneDelegate.swift; sourceTree = "<group>"; };
		137961762B25CA6C00E92571 /* Rozmova.xcdatamodel */ = {isa = PBXFileReference; lastKnownFileType = wrapper.xcdatamodel; path = Rozmova.xcdatamodel; sourceTree = "<group>"; };
		137961782B25CA6D00E92571 /* Assets.xcassets */ = {isa = PBXFileReference; lastKnownFileType = folder.assetcatalog; path = Assets.xcassets; sourceTree = "<group>"; };
		1379617D2B25CA6D00E92571 /* Info.plist */ = {isa = PBXFileReference; lastKnownFileType = text.plist.xml; path = Info.plist; sourceTree = "<group>"; };
		137961822B25CA6D00E92571 /* RozmovaTests.xctest */ = {isa = PBXFileReference; explicitFileType = wrapper.cfbundle; includeInIndex = 0; path = RozmovaTests.xctest; sourceTree = BUILT_PRODUCTS_DIR; };
		137961862B25CA6D00E92571 /* RozmovaTests.swift */ = {isa = PBXFileReference; lastKnownFileType = sourcecode.swift; path = RozmovaTests.swift; sourceTree = "<group>"; };
		1379618C2B25CA6D00E92571 /* RozmovaUITests.xctest */ = {isa = PBXFileReference; explicitFileType = wrapper.cfbundle; includeInIndex = 0; path = RozmovaUITests.xctest; sourceTree = BUILT_PRODUCTS_DIR; };
		137961902B25CA6D00E92571 /* RozmovaUITests.swift */ = {isa = PBXFileReference; lastKnownFileType = sourcecode.swift; path = RozmovaUITests.swift; sourceTree = "<group>"; };
		137961922B25CA6D00E92571 /* RozmovaUITestsLaunchTests.swift */ = {isa = PBXFileReference; lastKnownFileType = sourcecode.swift; path = RozmovaUITestsLaunchTests.swift; sourceTree = "<group>"; };
		137961A42B25CBA500E92571 /* MainTabBarController.swift */ = {isa = PBXFileReference; lastKnownFileType = sourcecode.swift; path = MainTabBarController.swift; sourceTree = "<group>"; };
		137961A62B25CE8700E92571 /* ContactsViewController.swift */ = {isa = PBXFileReference; lastKnownFileType = sourcecode.swift; path = ContactsViewController.swift; sourceTree = "<group>"; };
		137961A82B25CE9700E92571 /* MessagesViewController.swift */ = {isa = PBXFileReference; lastKnownFileType = sourcecode.swift; path = MessagesViewController.swift; sourceTree = "<group>"; };
		13C7F6E92B26172000D82F94 /* Messages.swift */ = {isa = PBXFileReference; lastKnownFileType = sourcecode.swift; path = Messages.swift; sourceTree = "<group>"; };
		17701C26E1D5B094D5BF0BC4 /* Pods-Rozmova.release.xcconfig */ = {isa = PBXFileReference; includeInIndex = 1; lastKnownFileType = text.xcconfig; name = "Pods-Rozmova.release.xcconfig"; path = "Target Support Files/Pods-Rozmova/Pods-Rozmova.release.xcconfig"; sourceTree = "<group>"; };
		1DD6FAAF4682F1D5009AB908 /* Pods-Rozmova-RozmovaUITests.debug.xcconfig */ = {isa = PBXFileReference; includeInIndex = 1; lastKnownFileType = text.xcconfig; name = "Pods-Rozmova-RozmovaUITests.debug.xcconfig"; path = "Target Support Files/Pods-Rozmova-RozmovaUITests/Pods-Rozmova-RozmovaUITests.debug.xcconfig"; sourceTree = "<group>"; };
		51E5C479D7496C051413E12E /* Pods-RozmovaTests.debug.xcconfig */ = {isa = PBXFileReference; includeInIndex = 1; lastKnownFileType = text.xcconfig; name = "Pods-RozmovaTests.debug.xcconfig"; path = "Target Support Files/Pods-RozmovaTests/Pods-RozmovaTests.debug.xcconfig"; sourceTree = "<group>"; };
		87E4484EC132228DC56FC4DD /* Pods-RozmovaTests.release.xcconfig */ = {isa = PBXFileReference; includeInIndex = 1; lastKnownFileType = text.xcconfig; name = "Pods-RozmovaTests.release.xcconfig"; path = "Target Support Files/Pods-RozmovaTests/Pods-RozmovaTests.release.xcconfig"; sourceTree = "<group>"; };
		94932A35BCA8C05A218D79BB /* Pods_Rozmova_RozmovaUITests.framework */ = {isa = PBXFileReference; explicitFileType = wrapper.framework; includeInIndex = 0; path = Pods_Rozmova_RozmovaUITests.framework; sourceTree = BUILT_PRODUCTS_DIR; };
		9649432CF5B8A2E8A47CAB65 /* Pods-Rozmova.debug.xcconfig */ = {isa = PBXFileReference; includeInIndex = 1; lastKnownFileType = text.xcconfig; name = "Pods-Rozmova.debug.xcconfig"; path = "Target Support Files/Pods-Rozmova/Pods-Rozmova.debug.xcconfig"; sourceTree = "<group>"; };
		D00F1827DFA79E01C080F22E /* Pods_Rozmova.framework */ = {isa = PBXFileReference; explicitFileType = wrapper.framework; includeInIndex = 0; path = Pods_Rozmova.framework; sourceTree = BUILT_PRODUCTS_DIR; };
		D14BC3F8E9B3520742FC9F4D /* Pods_RozmovaTests.framework */ = {isa = PBXFileReference; explicitFileType = wrapper.framework; includeInIndex = 0; path = Pods_RozmovaTests.framework; sourceTree = BUILT_PRODUCTS_DIR; };
		E5ACF5B2481EE15F427034E7 /* Pods-Rozmova-RozmovaUITests.release.xcconfig */ = {isa = PBXFileReference; includeInIndex = 1; lastKnownFileType = text.xcconfig; name = "Pods-Rozmova-RozmovaUITests.release.xcconfig"; path = "Target Support Files/Pods-Rozmova-RozmovaUITests/Pods-Rozmova-RozmovaUITests.release.xcconfig"; sourceTree = "<group>"; };
/* End PBXFileReference section */

/* Begin PBXFrameworksBuildPhase section */
		137961662B25CA6C00E92571 /* Frameworks */ = {
			isa = PBXFrameworksBuildPhase;
			buildActionMask = 2147483647;
			files = (
				998F25795304AA30784981D4 /* Pods_Rozmova.framework in Frameworks */,
			);
			runOnlyForDeploymentPostprocessing = 0;
		};
		1379617F2B25CA6D00E92571 /* Frameworks */ = {
			isa = PBXFrameworksBuildPhase;
			buildActionMask = 2147483647;
			files = (
				4C540221AA159F4ED70B3B79 /* Pods_RozmovaTests.framework in Frameworks */,
			);
			runOnlyForDeploymentPostprocessing = 0;
		};
		137961892B25CA6D00E92571 /* Frameworks */ = {
			isa = PBXFrameworksBuildPhase;
			buildActionMask = 2147483647;
			files = (
				A0863D50ED73964847B36E0A /* Pods_Rozmova_RozmovaUITests.framework in Frameworks */,
			);
			runOnlyForDeploymentPostprocessing = 0;
		};
/* End PBXFrameworksBuildPhase section */

/* Begin PBXGroup section */
		131104292B25F77400F32705 /* Models */ = {
			isa = PBXGroup;
			children = (
				1311042A2B25F78300F32705 /* Contacts.swift */,
				13C7F6E92B26172000D82F94 /* Messages.swift */,
			);
			path = Models;
			sourceTree = "<group>";
		};
		135D283A2B25D300003D214F /* Cell */ = {
			isa = PBXGroup;
			children = (
				135D283B2B25D31F003D214F /* ContactsCustomCell.swift */,
			);
			path = Cell;
			sourceTree = "<group>";
		};
		137961602B25CA6C00E92571 = {
			isa = PBXGroup;
			children = (
				1379616B2B25CA6C00E92571 /* Rozmova */,
				137961852B25CA6D00E92571 /* RozmovaTests */,
				1379618F2B25CA6D00E92571 /* RozmovaUITests */,
				1379616A2B25CA6C00E92571 /* Products */,
				652DD3B30B4D7421BEE7380B /* Pods */,
				B114A79F773F794266F92CD6 /* Frameworks */,
			);
			sourceTree = "<group>";
		};
		1379616A2B25CA6C00E92571 /* Products */ = {
			isa = PBXGroup;
			children = (
				137961692B25CA6C00E92571 /* Rozmova.app */,
				137961822B25CA6D00E92571 /* RozmovaTests.xctest */,
				1379618C2B25CA6D00E92571 /* RozmovaUITests.xctest */,
			);
			name = Products;
			sourceTree = "<group>";
		};
		1379616B2B25CA6C00E92571 /* Rozmova */ = {
			isa = PBXGroup;
			children = (
				131104292B25F77400F32705 /* Models */,
				135D283A2B25D300003D214F /* Cell */,
				137961A22B25CB8D00E92571 /* Controllers */,
				137961A12B25CAE800E92571 /* Data */,
				137961A02B25CADF00E92571 /* Resources */,
				1379619F2B25CAC300E92571 /* Application */,
			);
			path = Rozmova;
			sourceTree = "<group>";
		};
		137961852B25CA6D00E92571 /* RozmovaTests */ = {
			isa = PBXGroup;
			children = (
				137961862B25CA6D00E92571 /* RozmovaTests.swift */,
			);
			path = RozmovaTests;
			sourceTree = "<group>";
		};
		1379618F2B25CA6D00E92571 /* RozmovaUITests */ = {
			isa = PBXGroup;
			children = (
				137961902B25CA6D00E92571 /* RozmovaUITests.swift */,
				137961922B25CA6D00E92571 /* RozmovaUITestsLaunchTests.swift */,
			);
			path = RozmovaUITests;
			sourceTree = "<group>";
		};
		1379619F2B25CAC300E92571 /* Application */ = {
			isa = PBXGroup;
			children = (
				1379616C2B25CA6C00E92571 /* AppDelegate.swift */,
				1379616E2B25CA6C00E92571 /* SceneDelegate.swift */,
			);
			path = Application;
			sourceTree = "<group>";
		};
		137961A02B25CADF00E92571 /* Resources */ = {
			isa = PBXGroup;
			children = (
				137961782B25CA6D00E92571 /* Assets.xcassets */,
				1379617D2B25CA6D00E92571 /* Info.plist */,
			);
			path = Resources;
			sourceTree = "<group>";
		};
		137961A12B25CAE800E92571 /* Data */ = {
			isa = PBXGroup;
			children = (
				137961752B25CA6C00E92571 /* Rozmova.xcdatamodeld */,
			);
			path = Data;
			sourceTree = "<group>";
		};
		137961A22B25CB8D00E92571 /* Controllers */ = {
			isa = PBXGroup;
			children = (
				137961A42B25CBA500E92571 /* MainTabBarController.swift */,
				137961A62B25CE8700E92571 /* ContactsViewController.swift */,
				137961A82B25CE9700E92571 /* MessagesViewController.swift */,
				131C0F192B26155E0002A1DD /* ChatViewController.swift */,
			);
			path = Controllers;
			sourceTree = "<group>";
		};
		652DD3B30B4D7421BEE7380B /* Pods */ = {
			isa = PBXGroup;
			children = (
				9649432CF5B8A2E8A47CAB65 /* Pods-Rozmova.debug.xcconfig */,
				17701C26E1D5B094D5BF0BC4 /* Pods-Rozmova.release.xcconfig */,
				1DD6FAAF4682F1D5009AB908 /* Pods-Rozmova-RozmovaUITests.debug.xcconfig */,
				E5ACF5B2481EE15F427034E7 /* Pods-Rozmova-RozmovaUITests.release.xcconfig */,
				51E5C479D7496C051413E12E /* Pods-RozmovaTests.debug.xcconfig */,
				87E4484EC132228DC56FC4DD /* Pods-RozmovaTests.release.xcconfig */,
			);
			path = Pods;
			sourceTree = "<group>";
		};
		B114A79F773F794266F92CD6 /* Frameworks */ = {
			isa = PBXGroup;
			children = (
				D00F1827DFA79E01C080F22E /* Pods_Rozmova.framework */,
				94932A35BCA8C05A218D79BB /* Pods_Rozmova_RozmovaUITests.framework */,
				D14BC3F8E9B3520742FC9F4D /* Pods_RozmovaTests.framework */,
			);
			name = Frameworks;
			sourceTree = "<group>";
		};
/* End PBXGroup section */

/* Begin PBXNativeTarget section */
		137961682B25CA6C00E92571 /* Rozmova */ = {
			isa = PBXNativeTarget;
			buildConfigurationList = 137961962B25CA6D00E92571 /* Build configuration list for PBXNativeTarget "Rozmova" */;
			buildPhases = (
				4D4933E467AC07C7EE9F44B7 /* [CP] Check Pods Manifest.lock */,
				137961652B25CA6C00E92571 /* Sources */,
				137961662B25CA6C00E92571 /* Frameworks */,
				137961672B25CA6C00E92571 /* Resources */,
				A91619CC643EB3508B7C2114 /* [CP] Embed Pods Frameworks */,
			);
			buildRules = (
			);
			dependencies = (
			);
			name = Rozmova;
			packageProductDependencies = (
			);
			productName = Rozmova;
			productReference = 137961692B25CA6C00E92571 /* Rozmova.app */;
			productType = "com.apple.product-type.application";
		};
		137961812B25CA6D00E92571 /* RozmovaTests */ = {
			isa = PBXNativeTarget;
			buildConfigurationList = 137961992B25CA6D00E92571 /* Build configuration list for PBXNativeTarget "RozmovaTests" */;
			buildPhases = (
				0FE0B776E121C78585C7E9A3 /* [CP] Check Pods Manifest.lock */,
				1379617E2B25CA6D00E92571 /* Sources */,
				1379617F2B25CA6D00E92571 /* Frameworks */,
				137961802B25CA6D00E92571 /* Resources */,
			);
			buildRules = (
			);
			dependencies = (
				137961842B25CA6D00E92571 /* PBXTargetDependency */,
			);
			name = RozmovaTests;
			productName = RozmovaTests;
			productReference = 137961822B25CA6D00E92571 /* RozmovaTests.xctest */;
			productType = "com.apple.product-type.bundle.unit-test";
		};
		1379618B2B25CA6D00E92571 /* RozmovaUITests */ = {
			isa = PBXNativeTarget;
			buildConfigurationList = 1379619C2B25CA6D00E92571 /* Build configuration list for PBXNativeTarget "RozmovaUITests" */;
			buildPhases = (
				FE71D268E461A5FF6C9C468D /* [CP] Check Pods Manifest.lock */,
				137961882B25CA6D00E92571 /* Sources */,
				137961892B25CA6D00E92571 /* Frameworks */,
				1379618A2B25CA6D00E92571 /* Resources */,
				B05D4B4E949E7AB7177D74E1 /* [CP] Embed Pods Frameworks */,
			);
			buildRules = (
			);
			dependencies = (
				1379618E2B25CA6D00E92571 /* PBXTargetDependency */,
			);
			name = RozmovaUITests;
			productName = RozmovaUITests;
			productReference = 1379618C2B25CA6D00E92571 /* RozmovaUITests.xctest */;
			productType = "com.apple.product-type.bundle.ui-testing";
		};
/* End PBXNativeTarget section */

/* Begin PBXProject section */
		137961612B25CA6C00E92571 /* Project object */ = {
			isa = PBXProject;
			attributes = {
				BuildIndependentTargetsInParallel = 1;
				LastSwiftUpdateCheck = 1430;
				LastUpgradeCheck = 1430;
				TargetAttributes = {
					137961682B25CA6C00E92571 = {
						CreatedOnToolsVersion = 14.3.1;
					};
					137961812B25CA6D00E92571 = {
						CreatedOnToolsVersion = 14.3.1;
						TestTargetID = 137961682B25CA6C00E92571;
					};
					1379618B2B25CA6D00E92571 = {
						CreatedOnToolsVersion = 14.3.1;
						TestTargetID = 137961682B25CA6C00E92571;
					};
				};
			};
			buildConfigurationList = 137961642B25CA6C00E92571 /* Build configuration list for PBXProject "Rozmova" */;
			compatibilityVersion = "Xcode 14.0";
			developmentRegion = en;
			hasScannedForEncodings = 0;
			knownRegions = (
				en,
				Base,
			);
			mainGroup = 137961602B25CA6C00E92571;
			packageReferences = (
			);
			productRefGroup = 1379616A2B25CA6C00E92571 /* Products */;
			projectDirPath = "";
			projectRoot = "";
			targets = (
				137961682B25CA6C00E92571 /* Rozmova */,
				137961812B25CA6D00E92571 /* RozmovaTests */,
				1379618B2B25CA6D00E92571 /* RozmovaUITests */,
			);
		};
/* End PBXProject section */

/* Begin PBXResourcesBuildPhase section */
		137961672B25CA6C00E92571 /* Resources */ = {
			isa = PBXResourcesBuildPhase;
			buildActionMask = 2147483647;
			files = (
				137961792B25CA6D00E92571 /* Assets.xcassets in Resources */,
			);
			runOnlyForDeploymentPostprocessing = 0;
		};
		137961802B25CA6D00E92571 /* Resources */ = {
			isa = PBXResourcesBuildPhase;
			buildActionMask = 2147483647;
			files = (
			);
			runOnlyForDeploymentPostprocessing = 0;
		};
		1379618A2B25CA6D00E92571 /* Resources */ = {
			isa = PBXResourcesBuildPhase;
			buildActionMask = 2147483647;
			files = (
			);
			runOnlyForDeploymentPostprocessing = 0;
		};
/* End PBXResourcesBuildPhase section */

/* Begin PBXShellScriptBuildPhase section */
		0FE0B776E121C78585C7E9A3 /* [CP] Check Pods Manifest.lock */ = {
			isa = PBXShellScriptBuildPhase;
			buildActionMask = 2147483647;
			files = (
			);
			inputFileListPaths = (
			);
			inputPaths = (
				"${PODS_PODFILE_DIR_PATH}/Podfile.lock",
				"${PODS_ROOT}/Manifest.lock",
			);
			name = "[CP] Check Pods Manifest.lock";
			outputFileListPaths = (
			);
			outputPaths = (
				"$(DERIVED_FILE_DIR)/Pods-RozmovaTests-checkManifestLockResult.txt",
			);
			runOnlyForDeploymentPostprocessing = 0;
			shellPath = /bin/sh;
			shellScript = "diff \"${PODS_PODFILE_DIR_PATH}/Podfile.lock\" \"${PODS_ROOT}/Manifest.lock\" > /dev/null\nif [ $? != 0 ] ; then\n    # print error to STDERR\n    echo \"error: The sandbox is not in sync with the Podfile.lock. Run 'pod install' or update your CocoaPods installation.\" >&2\n    exit 1\nfi\n# This output is used by Xcode 'outputs' to avoid re-running this script phase.\necho \"SUCCESS\" > \"${SCRIPT_OUTPUT_FILE_0}\"\n";
			showEnvVarsInLog = 0;
		};
		4D4933E467AC07C7EE9F44B7 /* [CP] Check Pods Manifest.lock */ = {
			isa = PBXShellScriptBuildPhase;
			buildActionMask = 2147483647;
			files = (
			);
			inputFileListPaths = (
			);
			inputPaths = (
				"${PODS_PODFILE_DIR_PATH}/Podfile.lock",
				"${PODS_ROOT}/Manifest.lock",
			);
			name = "[CP] Check Pods Manifest.lock";
			outputFileListPaths = (
			);
			outputPaths = (
				"$(DERIVED_FILE_DIR)/Pods-Rozmova-checkManifestLockResult.txt",
			);
			runOnlyForDeploymentPostprocessing = 0;
			shellPath = /bin/sh;
			shellScript = "diff \"${PODS_PODFILE_DIR_PATH}/Podfile.lock\" \"${PODS_ROOT}/Manifest.lock\" > /dev/null\nif [ $? != 0 ] ; then\n    # print error to STDERR\n    echo \"error: The sandbox is not in sync with the Podfile.lock. Run 'pod install' or update your CocoaPods installation.\" >&2\n    exit 1\nfi\n# This output is used by Xcode 'outputs' to avoid re-running this script phase.\necho \"SUCCESS\" > \"${SCRIPT_OUTPUT_FILE_0}\"\n";
			showEnvVarsInLog = 0;
		};
		A91619CC643EB3508B7C2114 /* [CP] Embed Pods Frameworks */ = {
			isa = PBXShellScriptBuildPhase;
			buildActionMask = 2147483647;
			files = (
			);
			inputFileListPaths = (
				"${PODS_ROOT}/Target Support Files/Pods-Rozmova/Pods-Rozmova-frameworks-${CONFIGURATION}-input-files.xcfilelist",
			);
			name = "[CP] Embed Pods Frameworks";
			outputFileListPaths = (
				"${PODS_ROOT}/Target Support Files/Pods-Rozmova/Pods-Rozmova-frameworks-${CONFIGURATION}-output-files.xcfilelist",
			);
			runOnlyForDeploymentPostprocessing = 0;
			shellPath = /bin/sh;
			shellScript = "\"${PODS_ROOT}/Target Support Files/Pods-Rozmova/Pods-Rozmova-frameworks.sh\"\n";
			showEnvVarsInLog = 0;
		};
		B05D4B4E949E7AB7177D74E1 /* [CP] Embed Pods Frameworks */ = {
			isa = PBXShellScriptBuildPhase;
			buildActionMask = 2147483647;
			files = (
			);
			inputFileListPaths = (
				"${PODS_ROOT}/Target Support Files/Pods-Rozmova-RozmovaUITests/Pods-Rozmova-RozmovaUITests-frameworks-${CONFIGURATION}-input-files.xcfilelist",
			);
			name = "[CP] Embed Pods Frameworks";
			outputFileListPaths = (
				"${PODS_ROOT}/Target Support Files/Pods-Rozmova-RozmovaUITests/Pods-Rozmova-RozmovaUITests-frameworks-${CONFIGURATION}-output-files.xcfilelist",
			);
			runOnlyForDeploymentPostprocessing = 0;
			shellPath = /bin/sh;
			shellScript = "\"${PODS_ROOT}/Target Support Files/Pods-Rozmova-RozmovaUITests/Pods-Rozmova-RozmovaUITests-frameworks.sh\"\n";
			showEnvVarsInLog = 0;
		};
		FE71D268E461A5FF6C9C468D /* [CP] Check Pods Manifest.lock */ = {
			isa = PBXShellScriptBuildPhase;
			buildActionMask = 2147483647;
			files = (
			);
			inputFileListPaths = (
			);
			inputPaths = (
				"${PODS_PODFILE_DIR_PATH}/Podfile.lock",
				"${PODS_ROOT}/Manifest.lock",
			);
			name = "[CP] Check Pods Manifest.lock";
			outputFileListPaths = (
			);
			outputPaths = (
				"$(DERIVED_FILE_DIR)/Pods-Rozmova-RozmovaUITests-checkManifestLockResult.txt",
			);
			runOnlyForDeploymentPostprocessing = 0;
			shellPath = /bin/sh;
			shellScript = "diff \"${PODS_PODFILE_DIR_PATH}/Podfile.lock\" \"${PODS_ROOT}/Manifest.lock\" > /dev/null\nif [ $? != 0 ] ; then\n    # print error to STDERR\n    echo \"error: The sandbox is not in sync with the Podfile.lock. Run 'pod install' or update your CocoaPods installation.\" >&2\n    exit 1\nfi\n# This output is used by Xcode 'outputs' to avoid re-running this script phase.\necho \"SUCCESS\" > \"${SCRIPT_OUTPUT_FILE_0}\"\n";
			showEnvVarsInLog = 0;
		};
/* End PBXShellScriptBuildPhase section */

/* Begin PBXSourcesBuildPhase section */
		137961652B25CA6C00E92571 /* Sources */ = {
			isa = PBXSourcesBuildPhase;
			buildActionMask = 2147483647;
			files = (
				1311042B2B25F78300F32705 /* Contacts.swift in Sources */,
				137961A92B25CE9700E92571 /* MessagesViewController.swift in Sources */,
				135D283C2B25D31F003D214F /* ContactsCustomCell.swift in Sources */,
				1379616D2B25CA6C00E92571 /* AppDelegate.swift in Sources */,
				137961772B25CA6C00E92571 /* Rozmova.xcdatamodeld in Sources */,
				137961A52B25CBA500E92571 /* MainTabBarController.swift in Sources */,
				1379616F2B25CA6C00E92571 /* SceneDelegate.swift in Sources */,
				13C7F6EA2B26172000D82F94 /* Messages.swift in Sources */,
				131C0F1A2B26155E0002A1DD /* ChatViewController.swift in Sources */,
				137961A72B25CE8700E92571 /* ContactsViewController.swift in Sources */,
			);
			runOnlyForDeploymentPostprocessing = 0;
		};
		1379617E2B25CA6D00E92571 /* Sources */ = {
			isa = PBXSourcesBuildPhase;
			buildActionMask = 2147483647;
			files = (
				137961872B25CA6D00E92571 /* RozmovaTests.swift in Sources */,
			);
			runOnlyForDeploymentPostprocessing = 0;
		};
		137961882B25CA6D00E92571 /* Sources */ = {
			isa = PBXSourcesBuildPhase;
			buildActionMask = 2147483647;
			files = (
				137961912B25CA6D00E92571 /* RozmovaUITests.swift in Sources */,
				137961932B25CA6D00E92571 /* RozmovaUITestsLaunchTests.swift in Sources */,
			);
			runOnlyForDeploymentPostprocessing = 0;
		};
/* End PBXSourcesBuildPhase section */

/* Begin PBXTargetDependency section */
		137961842B25CA6D00E92571 /* PBXTargetDependency */ = {
			isa = PBXTargetDependency;
			target = 137961682B25CA6C00E92571 /* Rozmova */;
			targetProxy = 137961832B25CA6D00E92571 /* PBXContainerItemProxy */;
		};
		1379618E2B25CA6D00E92571 /* PBXTargetDependency */ = {
			isa = PBXTargetDependency;
			target = 137961682B25CA6C00E92571 /* Rozmova */;
			targetProxy = 1379618D2B25CA6D00E92571 /* PBXContainerItemProxy */;
		};
/* End PBXTargetDependency section */

/* Begin XCBuildConfiguration section */
		137961942B25CA6D00E92571 /* Debug */ = {
			isa = XCBuildConfiguration;
			buildSettings = {
				ALWAYS_SEARCH_USER_PATHS = NO;
				CLANG_ANALYZER_NONNULL = YES;
				CLANG_ANALYZER_NUMBER_OBJECT_CONVERSION = YES_AGGRESSIVE;
				CLANG_CXX_LANGUAGE_STANDARD = "gnu++20";
				CLANG_ENABLE_MODULES = YES;
				CLANG_ENABLE_OBJC_ARC = YES;
				CLANG_ENABLE_OBJC_WEAK = YES;
				CLANG_WARN_BLOCK_CAPTURE_AUTORELEASING = YES;
				CLANG_WARN_BOOL_CONVERSION = YES;
				CLANG_WARN_COMMA = YES;
				CLANG_WARN_CONSTANT_CONVERSION = YES;
				CLANG_WARN_DEPRECATED_OBJC_IMPLEMENTATIONS = YES;
				CLANG_WARN_DIRECT_OBJC_ISA_USAGE = YES_ERROR;
				CLANG_WARN_DOCUMENTATION_COMMENTS = YES;
				CLANG_WARN_EMPTY_BODY = YES;
				CLANG_WARN_ENUM_CONVERSION = YES;
				CLANG_WARN_INFINITE_RECURSION = YES;
				CLANG_WARN_INT_CONVERSION = YES;
				CLANG_WARN_NON_LITERAL_NULL_CONVERSION = YES;
				CLANG_WARN_OBJC_IMPLICIT_RETAIN_SELF = YES;
				CLANG_WARN_OBJC_LITERAL_CONVERSION = YES;
				CLANG_WARN_OBJC_ROOT_CLASS = YES_ERROR;
				CLANG_WARN_QUOTED_INCLUDE_IN_FRAMEWORK_HEADER = YES;
				CLANG_WARN_RANGE_LOOP_ANALYSIS = YES;
				CLANG_WARN_STRICT_PROTOTYPES = YES;
				CLANG_WARN_SUSPICIOUS_MOVE = YES;
				CLANG_WARN_UNGUARDED_AVAILABILITY = YES_AGGRESSIVE;
				CLANG_WARN_UNREACHABLE_CODE = YES;
				CLANG_WARN__DUPLICATE_METHOD_MATCH = YES;
				COPY_PHASE_STRIP = NO;
				DEBUG_INFORMATION_FORMAT = dwarf;
				ENABLE_STRICT_OBJC_MSGSEND = YES;
				ENABLE_TESTABILITY = YES;
				GCC_C_LANGUAGE_STANDARD = gnu11;
				GCC_DYNAMIC_NO_PIC = NO;
				GCC_NO_COMMON_BLOCKS = YES;
				GCC_OPTIMIZATION_LEVEL = 0;
				GCC_PREPROCESSOR_DEFINITIONS = (
					"DEBUG=1",
					"$(inherited)",
				);
				GCC_WARN_64_TO_32_BIT_CONVERSION = YES;
				GCC_WARN_ABOUT_RETURN_TYPE = YES_ERROR;
				GCC_WARN_UNDECLARED_SELECTOR = YES;
				GCC_WARN_UNINITIALIZED_AUTOS = YES_AGGRESSIVE;
				GCC_WARN_UNUSED_FUNCTION = YES;
				GCC_WARN_UNUSED_VARIABLE = YES;
				IPHONEOS_DEPLOYMENT_TARGET = 14.0;
				MTL_ENABLE_DEBUG_INFO = INCLUDE_SOURCE;
				MTL_FAST_MATH = YES;
				ONLY_ACTIVE_ARCH = YES;
				SDKROOT = iphoneos;
				SWIFT_ACTIVE_COMPILATION_CONDITIONS = DEBUG;
				SWIFT_OPTIMIZATION_LEVEL = "-Onone";
			};
			name = Debug;
		};
		137961952B25CA6D00E92571 /* Release */ = {
			isa = XCBuildConfiguration;
			buildSettings = {
				ALWAYS_SEARCH_USER_PATHS = NO;
				CLANG_ANALYZER_NONNULL = YES;
				CLANG_ANALYZER_NUMBER_OBJECT_CONVERSION = YES_AGGRESSIVE;
				CLANG_CXX_LANGUAGE_STANDARD = "gnu++20";
				CLANG_ENABLE_MODULES = YES;
				CLANG_ENABLE_OBJC_ARC = YES;
				CLANG_ENABLE_OBJC_WEAK = YES;
				CLANG_WARN_BLOCK_CAPTURE_AUTORELEASING = YES;
				CLANG_WARN_BOOL_CONVERSION = YES;
				CLANG_WARN_COMMA = YES;
				CLANG_WARN_CONSTANT_CONVERSION = YES;
				CLANG_WARN_DEPRECATED_OBJC_IMPLEMENTATIONS = YES;
				CLANG_WARN_DIRECT_OBJC_ISA_USAGE = YES_ERROR;
				CLANG_WARN_DOCUMENTATION_COMMENTS = YES;
				CLANG_WARN_EMPTY_BODY = YES;
				CLANG_WARN_ENUM_CONVERSION = YES;
				CLANG_WARN_INFINITE_RECURSION = YES;
				CLANG_WARN_INT_CONVERSION = YES;
				CLANG_WARN_NON_LITERAL_NULL_CONVERSION = YES;
				CLANG_WARN_OBJC_IMPLICIT_RETAIN_SELF = YES;
				CLANG_WARN_OBJC_LITERAL_CONVERSION = YES;
				CLANG_WARN_OBJC_ROOT_CLASS = YES_ERROR;
				CLANG_WARN_QUOTED_INCLUDE_IN_FRAMEWORK_HEADER = YES;
				CLANG_WARN_RANGE_LOOP_ANALYSIS = YES;
				CLANG_WARN_STRICT_PROTOTYPES = YES;
				CLANG_WARN_SUSPICIOUS_MOVE = YES;
				CLANG_WARN_UNGUARDED_AVAILABILITY = YES_AGGRESSIVE;
				CLANG_WARN_UNREACHABLE_CODE = YES;
				CLANG_WARN__DUPLICATE_METHOD_MATCH = YES;
				COPY_PHASE_STRIP = NO;
				DEBUG_INFORMATION_FORMAT = "dwarf-with-dsym";
				ENABLE_NS_ASSERTIONS = NO;
				ENABLE_STRICT_OBJC_MSGSEND = YES;
				GCC_C_LANGUAGE_STANDARD = gnu11;
				GCC_NO_COMMON_BLOCKS = YES;
				GCC_WARN_64_TO_32_BIT_CONVERSION = YES;
				GCC_WARN_ABOUT_RETURN_TYPE = YES_ERROR;
				GCC_WARN_UNDECLARED_SELECTOR = YES;
				GCC_WARN_UNINITIALIZED_AUTOS = YES_AGGRESSIVE;
				GCC_WARN_UNUSED_FUNCTION = YES;
				GCC_WARN_UNUSED_VARIABLE = YES;
				IPHONEOS_DEPLOYMENT_TARGET = 14.0;
				MTL_ENABLE_DEBUG_INFO = NO;
				MTL_FAST_MATH = YES;
				SDKROOT = iphoneos;
				SWIFT_COMPILATION_MODE = wholemodule;
				SWIFT_OPTIMIZATION_LEVEL = "-O";
				VALIDATE_PRODUCT = YES;
			};
			name = Release;
		};
		137961972B25CA6D00E92571 /* Debug */ = {
			isa = XCBuildConfiguration;
			baseConfigurationReference = 9649432CF5B8A2E8A47CAB65 /* Pods-Rozmova.debug.xcconfig */;
			buildSettings = {
				ASSETCATALOG_COMPILER_APPICON_NAME = AppIcon;
				ASSETCATALOG_COMPILER_GLOBAL_ACCENT_COLOR_NAME = AccentColor;
				CODE_SIGN_STYLE = Automatic;
				CURRENT_PROJECT_VERSION = 1;
				DEVELOPMENT_TEAM = 5F8NF33WRR;
				GENERATE_INFOPLIST_FILE = YES;
				INFOPLIST_FILE = Rozmova/Resources/Info.plist;
				INFOPLIST_KEY_LSApplicationCategoryType = "public.app-category.social-networking";
				INFOPLIST_KEY_UIApplicationSupportsIndirectInputEvents = YES;
				INFOPLIST_KEY_UILaunchStoryboardName = LaunchScreen;
				INFOPLIST_KEY_UISupportedInterfaceOrientations = UIInterfaceOrientationPortrait;
				INFOPLIST_KEY_UISupportedInterfaceOrientations_iPad = "UIInterfaceOrientationLandscapeLeft UIInterfaceOrientationLandscapeRight UIInterfaceOrientationPortrait UIInterfaceOrientationPortraitUpsideDown";
				IPHONEOS_DEPLOYMENT_TARGET = 14.0;
				LD_RUNPATH_SEARCH_PATHS = (
					"$(inherited)",
					"@executable_path/Frameworks",
				);
				MARKETING_VERSION = 1.0;
				PRODUCT_BUNDLE_IDENTIFIER = code.Rozmova;
				PRODUCT_NAME = "$(TARGET_NAME)";
				SUPPORTED_PLATFORMS = "iphoneos iphonesimulator";
				SUPPORTS_MACCATALYST = NO;
				SUPPORTS_MAC_DESIGNED_FOR_IPHONE_IPAD = NO;
				SWIFT_EMIT_LOC_STRINGS = YES;
				SWIFT_VERSION = 5.0;
				TARGETED_DEVICE_FAMILY = 1;
			};
			name = Debug;
		};
		137961982B25CA6D00E92571 /* Release */ = {
			isa = XCBuildConfiguration;
			baseConfigurationReference = 17701C26E1D5B094D5BF0BC4 /* Pods-Rozmova.release.xcconfig */;
			buildSettings = {
				ASSETCATALOG_COMPILER_APPICON_NAME = AppIcon;
				ASSETCATALOG_COMPILER_GLOBAL_ACCENT_COLOR_NAME = AccentColor;
				CODE_SIGN_STYLE = Automatic;
				CURRENT_PROJECT_VERSION = 1;
				DEVELOPMENT_TEAM = 5F8NF33WRR;
				GENERATE_INFOPLIST_FILE = YES;
				INFOPLIST_FILE = Rozmova/Resources/Info.plist;
				INFOPLIST_KEY_LSApplicationCategoryType = "public.app-category.social-networking";
				INFOPLIST_KEY_UIApplicationSupportsIndirectInputEvents = YES;
				INFOPLIST_KEY_UILaunchStoryboardName = LaunchScreen;
				INFOPLIST_KEY_UISupportedInterfaceOrientations = UIInterfaceOrientationPortrait;
				INFOPLIST_KEY_UISupportedInterfaceOrientations_iPad = "UIInterfaceOrientationLandscapeLeft UIInterfaceOrientationLandscapeRight UIInterfaceOrientationPortrait UIInterfaceOrientationPortraitUpsideDown";
				IPHONEOS_DEPLOYMENT_TARGET = 14.0;
				LD_RUNPATH_SEARCH_PATHS = (
					"$(inherited)",
					"@executable_path/Frameworks",
				);
				MARKETING_VERSION = 1.0;
				PRODUCT_BUNDLE_IDENTIFIER = code.Rozmova;
				PRODUCT_NAME = "$(TARGET_NAME)";
				SUPPORTED_PLATFORMS = "iphoneos iphonesimulator";
				SUPPORTS_MACCATALYST = NO;
				SUPPORTS_MAC_DESIGNED_FOR_IPHONE_IPAD = NO;
				SWIFT_EMIT_LOC_STRINGS = YES;
				SWIFT_VERSION = 5.0;
				TARGETED_DEVICE_FAMILY = 1;
			};
			name = Release;
		};
		1379619A2B25CA6D00E92571 /* Debug */ = {
			isa = XCBuildConfiguration;
			baseConfigurationReference = 51E5C479D7496C051413E12E /* Pods-RozmovaTests.debug.xcconfig */;
			buildSettings = {
				ALWAYS_EMBED_SWIFT_STANDARD_LIBRARIES = YES;
				BUNDLE_LOADER = "$(TEST_HOST)";
				CODE_SIGN_STYLE = Automatic;
				CURRENT_PROJECT_VERSION = 1;
				DEVELOPMENT_TEAM = 5F8NF33WRR;
				GENERATE_INFOPLIST_FILE = YES;
				IPHONEOS_DEPLOYMENT_TARGET = 16.4;
				MARKETING_VERSION = 1.0;
				PRODUCT_BUNDLE_IDENTIFIER = code.RozmovaTests;
				PRODUCT_NAME = "$(TARGET_NAME)";
				SWIFT_EMIT_LOC_STRINGS = NO;
				SWIFT_VERSION = 5.0;
				TARGETED_DEVICE_FAMILY = "1,2";
				TEST_HOST = "$(BUILT_PRODUCTS_DIR)/Rozmova.app/$(BUNDLE_EXECUTABLE_FOLDER_PATH)/Rozmova";
			};
			name = Debug;
		};
		1379619B2B25CA6D00E92571 /* Release */ = {
			isa = XCBuildConfiguration;
			baseConfigurationReference = 87E4484EC132228DC56FC4DD /* Pods-RozmovaTests.release.xcconfig */;
			buildSettings = {
				ALWAYS_EMBED_SWIFT_STANDARD_LIBRARIES = YES;
				BUNDLE_LOADER = "$(TEST_HOST)";
				CODE_SIGN_STYLE = Automatic;
				CURRENT_PROJECT_VERSION = 1;
				DEVELOPMENT_TEAM = 5F8NF33WRR;
				GENERATE_INFOPLIST_FILE = YES;
				IPHONEOS_DEPLOYMENT_TARGET = 16.4;
				MARKETING_VERSION = 1.0;
				PRODUCT_BUNDLE_IDENTIFIER = code.RozmovaTests;
				PRODUCT_NAME = "$(TARGET_NAME)";
				SWIFT_EMIT_LOC_STRINGS = NO;
				SWIFT_VERSION = 5.0;
				TARGETED_DEVICE_FAMILY = "1,2";
				TEST_HOST = "$(BUILT_PRODUCTS_DIR)/Rozmova.app/$(BUNDLE_EXECUTABLE_FOLDER_PATH)/Rozmova";
			};
			name = Release;
		};
		1379619D2B25CA6D00E92571 /* Debug */ = {
			isa = XCBuildConfiguration;
			baseConfigurationReference = 1DD6FAAF4682F1D5009AB908 /* Pods-Rozmova-RozmovaUITests.debug.xcconfig */;
			buildSettings = {
				ALWAYS_EMBED_SWIFT_STANDARD_LIBRARIES = YES;
				CODE_SIGN_STYLE = Automatic;
				CURRENT_PROJECT_VERSION = 1;
				DEVELOPMENT_TEAM = 5F8NF33WRR;
				GENERATE_INFOPLIST_FILE = YES;
				MARKETING_VERSION = 1.0;
				PRODUCT_BUNDLE_IDENTIFIER = code.RozmovaUITests;
				PRODUCT_NAME = "$(TARGET_NAME)";
				SWIFT_EMIT_LOC_STRINGS = NO;
				SWIFT_VERSION = 5.0;
				TARGETED_DEVICE_FAMILY = "1,2";
				TEST_TARGET_NAME = Rozmova;
			};
			name = Debug;
		};
		1379619E2B25CA6D00E92571 /* Release */ = {
			isa = XCBuildConfiguration;
			baseConfigurationReference = E5ACF5B2481EE15F427034E7 /* Pods-Rozmova-RozmovaUITests.release.xcconfig */;
			buildSettings = {
				ALWAYS_EMBED_SWIFT_STANDARD_LIBRARIES = YES;
				CODE_SIGN_STYLE = Automatic;
				CURRENT_PROJECT_VERSION = 1;
				DEVELOPMENT_TEAM = 5F8NF33WRR;
				GENERATE_INFOPLIST_FILE = YES;
				MARKETING_VERSION = 1.0;
				PRODUCT_BUNDLE_IDENTIFIER = code.RozmovaUITests;
				PRODUCT_NAME = "$(TARGET_NAME)";
				SWIFT_EMIT_LOC_STRINGS = NO;
				SWIFT_VERSION = 5.0;
				TARGETED_DEVICE_FAMILY = "1,2";
				TEST_TARGET_NAME = Rozmova;
			};
			name = Release;
		};
/* End XCBuildConfiguration section */

/* Begin XCConfigurationList section */
		137961642B25CA6C00E92571 /* Build configuration list for PBXProject "Rozmova" */ = {
			isa = XCConfigurationList;
			buildConfigurations = (
				137961942B25CA6D00E92571 /* Debug */,
				137961952B25CA6D00E92571 /* Release */,
			);
			defaultConfigurationIsVisible = 0;
			defaultConfigurationName = Release;
		};
		137961962B25CA6D00E92571 /* Build configuration list for PBXNativeTarget "Rozmova" */ = {
			isa = XCConfigurationList;
			buildConfigurations = (
				137961972B25CA6D00E92571 /* Debug */,
				137961982B25CA6D00E92571 /* Release */,
			);
			defaultConfigurationIsVisible = 0;
			defaultConfigurationName = Release;
		};
		137961992B25CA6D00E92571 /* Build configuration list for PBXNativeTarget "RozmovaTests" */ = {
			isa = XCConfigurationList;
			buildConfigurations = (
				1379619A2B25CA6D00E92571 /* Debug */,
				1379619B2B25CA6D00E92571 /* Release */,
			);
			defaultConfigurationIsVisible = 0;
			defaultConfigurationName = Release;
		};
		1379619C2B25CA6D00E92571 /* Build configuration list for PBXNativeTarget "RozmovaUITests" */ = {
			isa = XCConfigurationList;
			buildConfigurations = (
				1379619D2B25CA6D00E92571 /* Debug */,
				1379619E2B25CA6D00E92571 /* Release */,
			);
			defaultConfigurationIsVisible = 0;
			defaultConfigurationName = Release;
		};
/* End XCConfigurationList section */

/* Begin XCVersionGroup section */
		137961752B25CA6C00E92571 /* Rozmova.xcdatamodeld */ = {
			isa = XCVersionGroup;
			children = (
				137961762B25CA6C00E92571 /* Rozmova.xcdatamodel */,
			);
			currentVersion = 137961762B25CA6C00E92571 /* Rozmova.xcdatamodel */;
			path = Rozmova.xcdatamodeld;
			sourceTree = "<group>";
			versionGroupType = wrapper.xcdatamodel;
		};
/* End XCVersionGroup section */
	};
	rootObject = 137961612B25CA6C00E92571 /* Project object */;
}
